
Microsoft Visual Studio Solution File, Format Version 12.00
# Visual Studio Version 17
VisualStudioVersion = 17.11.35327.3
MinimumVisualStudioVersion = 10.0.40219.1
Project("{FAE04EC0-301F-11D3-BF4B-00C04F79EFBC}") = "ActionToView", "ActionToView\ActionToView.csproj", "{9F43CFE8-6134-4A0C-9E51-AD5B394EB52E}"
EndProject
Global
	GlobalSection(SolutionConfigurationPlatforms) = preSolution
		Debug|Any CPU = Debug|Any CPU
		Release|Any CPU = Release|Any CPU
	EndGlobalSection
	GlobalSection(ProjectConfigurationPlatforms) = postSolution
		{9F43CFE8-6134-4A0C-9E51-AD5B394EB52E}.Debug|Any CPU.ActiveCfg = Debug|Any CPU
		{9F43CFE8-6134-4A0C-9E51-AD5B394EB52E}.Debug|Any CPU.Build.0 = Debug|Any CPU
		{9F43CFE8-6134-4A0C-9E51-AD5B394EB52E}.Release|Any CPU.ActiveCfg = Release|Any CPU
		{9F43CFE8-6134-4A0C-9E51-AD5B394EB52E}.Release|Any CPU.Build.0 = Release|Any CPU
	EndGlobalSection
	GlobalSection(SolutionProperties) = preSolution
		HideSolutionNode = FALSE
	EndGlobalSection
	GlobalSection(ExtensibilityGlobals) = postSolution
		SolutionGuid = {E4D9383E-7975-41A8-8305-06907A700134}
	EndGlobalSection
EndGlobal
