
Microsoft Visual Studio Solution File, Format Version 12.00
# Visual Studio Version 17
VisualStudioVersion = 17.12.35527.113 d17.12
MinimumVisualStudioVersion = 10.0.40219.1
Project("{FAE04EC0-301F-11D3-BF4B-00C04F79EFBC}") = "IntroTier", "IntroTier\IntroTier.csproj", "{69812E81-1E9E-4CEF-A1BE-06EBEE96F1EA}"
EndProject
Project("{FAE04EC0-301F-11D3-BF4B-00C04F79EFBC}") = "DAL", "DAL\DAL.csproj", "{1D72C7C6-A825-412B-8CCE-E35D157692B5}"
EndProject
Project("{FAE04EC0-301F-11D3-BF4B-00C04F79EFBC}") = "BLL", "BLL\BLL.csproj", "{BD914AB4-D4B3-451E-8B79-149BCA0599EE}"
EndProject
Global
	GlobalSection(SolutionConfigurationPlatforms) = preSolution
		Debug|Any CPU = Debug|Any CPU
		Release|Any CPU = Release|Any CPU
	EndGlobalSection
	GlobalSection(ProjectConfigurationPlatforms) = postSolution
		{69812E81-1E9E-4CEF-A1BE-06EBEE96F1EA}.Debug|Any CPU.ActiveCfg = Debug|Any CPU
		{69812E81-1E9E-4CEF-A1BE-06EBEE96F1EA}.Debug|Any CPU.Build.0 = Debug|Any CPU
		{69812E81-1E9E-4CEF-A1BE-06EBEE96F1EA}.Release|Any CPU.ActiveCfg = Release|Any CPU
		{69812E81-1E9E-4CEF-A1BE-06EBEE96F1EA}.Release|Any CPU.Build.0 = Release|Any CPU
		{1D72C7C6-A825-412B-8CCE-E35D157692B5}.Debug|Any CPU.ActiveCfg = Debug|Any CPU
		{1D72C7C6-A825-412B-8CCE-E35D157692B5}.Debug|Any CPU.Build.0 = Debug|Any CPU
		{1D72C7C6-A825-412B-8CCE-E35D157692B5}.Release|Any CPU.ActiveCfg = Release|Any CPU
		{1D72C7C6-A825-412B-8CCE-E35D157692B5}.Release|Any CPU.Build.0 = Release|Any CPU
		{BD914AB4-D4B3-451E-8B79-149BCA0599EE}.Debug|Any CPU.ActiveCfg = Debug|Any CPU
		{BD914AB4-D4B3-451E-8B79-149BCA0599EE}.Debug|Any CPU.Build.0 = Debug|Any CPU
		{BD914AB4-D4B3-451E-8B79-149BCA0599EE}.Release|Any CPU.ActiveCfg = Release|Any CPU
		{BD914AB4-D4B3-451E-8B79-149BCA0599EE}.Release|Any CPU.Build.0 = Release|Any CPU
	EndGlobalSection
	GlobalSection(SolutionProperties) = preSolution
		HideSolutionNode = FALSE
	EndGlobalSection
EndGlobal
