
Microsoft Visual Studio Solution File, Format Version 12.00
# Visual Studio Version 17
VisualStudioVersion = 17.12.35527.113 d17.12
MinimumVisualStudioVersion = 10.0.40219.1
Project("{FAE04EC0-301F-11D3-BF4B-00C04F79EFBC}") = "PresentationLayer", "PresentationLayer\PresentationLayer.csproj", "{76E97118-E35F-458C-8FD1-39585BD8D9DF}"
EndProject
Project("{FAE04EC0-301F-11D3-BF4B-00C04F79EFBC}") = "BLL", "BLL\BLL.csproj", "{641F3A5A-7A25-4E4B-9D67-FF8AFE8ACCF2}"
EndProject
Project("{FAE04EC0-301F-11D3-BF4B-00C04F79EFBC}") = "DAL", "DAL\DAL.csproj", "{C95EB1CE-41FF-4FF9-AD13-E8152D55B95D}"
EndProject
Global
	GlobalSection(SolutionConfigurationPlatforms) = preSolution
		Debug|Any CPU = Debug|Any CPU
		Release|Any CPU = Release|Any CPU
	EndGlobalSection
	GlobalSection(ProjectConfigurationPlatforms) = postSolution
		{76E97118-E35F-458C-8FD1-39585BD8D9DF}.Debug|Any CPU.ActiveCfg = Debug|Any CPU
		{76E97118-E35F-458C-8FD1-39585BD8D9DF}.Debug|Any CPU.Build.0 = Debug|Any CPU
		{76E97118-E35F-458C-8FD1-39585BD8D9DF}.Release|Any CPU.ActiveCfg = Release|Any CPU
		{76E97118-E35F-458C-8FD1-39585BD8D9DF}.Release|Any CPU.Build.0 = Release|Any CPU
		{641F3A5A-7A25-4E4B-9D67-FF8AFE8ACCF2}.Debug|Any CPU.ActiveCfg = Debug|Any CPU
		{641F3A5A-7A25-4E4B-9D67-FF8AFE8ACCF2}.Debug|Any CPU.Build.0 = Debug|Any CPU
		{641F3A5A-7A25-4E4B-9D67-FF8AFE8ACCF2}.Release|Any CPU.ActiveCfg = Release|Any CPU
		{641F3A5A-7A25-4E4B-9D67-FF8AFE8ACCF2}.Release|Any CPU.Build.0 = Release|Any CPU
		{C95EB1CE-41FF-4FF9-AD13-E8152D55B95D}.Debug|Any CPU.ActiveCfg = Debug|Any CPU
		{C95EB1CE-41FF-4FF9-AD13-E8152D55B95D}.Debug|Any CPU.Build.0 = Debug|Any CPU
		{C95EB1CE-41FF-4FF9-AD13-E8152D55B95D}.Release|Any CPU.ActiveCfg = Release|Any CPU
		{C95EB1CE-41FF-4FF9-AD13-E8152D55B95D}.Release|Any CPU.Build.0 = Release|Any CPU
	EndGlobalSection
	GlobalSection(SolutionProperties) = preSolution
		HideSolutionNode = FALSE
	EndGlobalSection
EndGlobal
